Microsoft Visual Studio Solution File, Format Version 12.00
# Visual Studio Version 17
VisualStudioVersion = 17.5.2.0
MinimumVisualStudioVersion = 10.0.40219.1
Project("{FAE04EC0-301F-11D3-BF4B-00C04F79EFBC}") = "SistemaManutencaoAPI", "SistemaManutencaoAPI.csproj", "{05F903C6-8436-80D6-836F-F4AEF6A9AA8E}"
EndProject
Global
	GlobalSection(SolutionConfigurationPlatforms) = preSolution
		Debug|Any CPU = Debug|Any CPU
		Release|Any CPU = Release|Any CPU
	EndGlobalSection
	GlobalSection(ProjectConfigurationPlatforms) = postSolution
		{05F903C6-8436-80D6-836F-F4AEF6A9AA8E}.Debug|Any CPU.ActiveCfg = Debug|Any CPU
		{05F903C6-8436-80D6-836F-F4AEF6A9AA8E}.Debug|Any CPU.Build.0 = Debug|Any CPU
		{05F903C6-8436-80D6-836F-F4AEF6A9AA8E}.Release|Any CPU.ActiveCfg = Release|Any CPU
		{05F903C6-8436-80D6-836F-F4AEF6A9AA8E}.Release|Any CPU.Build.0 = Release|Any CPU
	EndGlobalSection
	GlobalSection(SolutionProperties) = preSolution
		HideSolutionNode = FALSE
	EndGlobalSection
	GlobalSection(ExtensibilityGlobals) = postSolution
		SolutionGuid = {3813BEED-4C7E-4C8E-B998-7DD7D5B4E863}
	EndGlobalSection
EndGlobal
